<?xml version="1.0" encoding="utf-8"?>
<Project ToolsVersion="4.0" xmlns="http://schemas.microsoft.com/developer/msbuild/2003">
  <ItemGroup>
    <Filter Include="Scenes">
      <UniqueIdentifier>{f9cafd38-ad0b-43cd-948a-be4ade971ee6}</UniqueIdentifier>
    </Filter>
    <Filter Include="Contents">
      <UniqueIdentifier>{a456dad2-24d0-4da9-bfc3-b3483cbe8996}</UniqueIdentifier>
    </Filter>
    <Filter Include="Scripts">
      <UniqueIdentifier>{275d3bba-940d-45ab-9fd3-228dfb1cce0d}</UniqueIdentifier>
    </Filter>
  </ItemGroup>
  <ItemGroup>
    <ClInclude Include="huruLoadScenes.h">
      <Filter>Scenes</Filter>
    </ClInclude>
    <ClInclude Include="huruPlayScene.h">
      <Filter>Scenes</Filter>
    </ClInclude>
    <ClInclude Include="huruPlayer.h">
      <Filter>Contents</Filter>
    </ClInclude>
    <ClInclude Include="huruGameOverScene.h">
      <Filter>Scenes</Filter>
    </ClInclude>
    <ClInclude Include="huruTitleScene.h">
      <Filter>Scenes</Filter>
    </ClInclude>
    <ClInclude Include="huruLoadResources.h" />
    <ClInclude Include="huruPlayerScript.h">
      <Filter>Scripts</Filter>
    </ClInclude>
    <ClInclude Include="huruCat.h">
      <Filter>Contents</Filter>
    </ClInclude>
    <ClInclude Include="huruCatScript.h">
      <Filter>Scripts</Filter>
    </ClInclude>
  </ItemGroup>
  <ItemGroup>
    <ClCompile Include="huruPlayScene.cpp">
      <Filter>Scenes</Filter>
    </ClCompile>
    <ClCompile Include="huruPlayer.cpp">
      <Filter>Contents</Filter>
    </ClCompile>
    <ClCompile Include="huruGameOverScene.cpp">
      <Filter>Scenes</Filter>
    </ClCompile>
    <ClCompile Include="huruTitleScene.cpp">
      <Filter>Scenes</Filter>
    </ClCompile>
    <ClCompile Include="huruPlayerScript.cpp">
      <Filter>Scripts</Filter>
    </ClCompile>
    <ClCompile Include="huruCat.cpp">
      <Filter>Contents</Filter>
    </ClCompile>
    <ClCompile Include="huruCatScript.cpp">
      <Filter>Scripts</Filter>
    </ClCompile>
  </ItemGroup>
</Project>