<?xml version="1.0" encoding="utf-8"?>
<Project ToolsVersion="4.0" xmlns="http://schemas.microsoft.com/developer/msbuild/2003">
  <ItemGroup>
    <ClCompile Include="$(MSBuildThisFileDirectory)huruGameObject.cpp">
      <Filter>GameObject</Filter>
    </ClCompile>
    <ClCompile Include="$(MSBuildThisFileDirectory)huruScene.cpp">
      <Filter>Scene</Filter>
    </ClCompile>
    <ClCompile Include="$(MSBuildThisFileDirectory)huruSceneManager.cpp">
      <Filter>Scene</Filter>
    </ClCompile>
    <ClCompile Include="$(MSBuildThisFileDirectory)huruEntity.cpp">
      <Filter>Common</Filter>
    </ClCompile>
    <ClCompile Include="$(MSBuildThisFileDirectory)huruMath.cpp">
      <Filter>Common</Filter>
    </ClCompile>
    <ClCompile Include="$(MSBuildThisFileDirectory)huruComponent.cpp">
      <Filter>Component</Filter>
    </ClCompile>
    <ClCompile Include="$(MSBuildThisFileDirectory)huruTime.cpp">
      <Filter>Helpers</Filter>
    </ClCompile>
    <ClCompile Include="$(MSBuildThisFileDirectory)huruLayer.cpp">
      <Filter>Layer</Filter>
    </ClCompile>
    <ClCompile Include="$(MSBuildThisFileDirectory)huruResources.cpp">
      <Filter>Resource</Filter>
    </ClCompile>
    <ClCompile Include="$(MSBuildThisFileDirectory)huruResource.cpp">
      <Filter>Resource</Filter>
    </ClCompile>
    <ClCompile Include="$(MSBuildThisFileDirectory)huruTexture.cpp">
      <Filter>Resource\Texture</Filter>
    </ClCompile>
    <ClCompile Include="$(MSBuildThisFileDirectory)huruScript.cpp">
      <Filter>Component\Script</Filter>
    </ClCompile>
    <ClCompile Include="$(MSBuildThisFileDirectory)huruTransform.cpp">
      <Filter>Component\Transform</Filter>
    </ClCompile>
    <ClCompile Include="$(MSBuildThisFileDirectory)huruSpriteRenderer.cpp">
      <Filter>Component\SpriteRenderer</Filter>
    </ClCompile>
    <ClCompile Include="$(MSBuildThisFileDirectory)huruCamera.cpp">
      <Filter>Component\Camera</Filter>
    </ClCompile>
    <ClCompile Include="$(MSBuildThisFileDirectory)huruRenderer.cpp">
      <Filter>Renderer</Filter>
    </ClCompile>
    <ClCompile Include="$(MSBuildThisFileDirectory)huruInput.cpp">
      <Filter>Helpers</Filter>
    </ClCompile>
    <ClCompile Include="$(MSBuildThisFileDirectory)huruApplication.cpp">
      <Filter>High Level Interface</Filter>
    </ClCompile>
    <ClCompile Include="$(MSBuildThisFileDirectory)huruAnimator.cpp">
      <Filter>Component\Animator</Filter>
    </ClCompile>
    <ClCompile Include="$(MSBuildThisFileDirectory)huruCollider.cpp">
      <Filter>Component\Collider</Filter>
    </ClCompile>
    <ClCompile Include="$(MSBuildThisFileDirectory)huruCircleCollider2D.cpp">
      <Filter>Component\Collider\2D</Filter>
    </ClCompile>
    <ClCompile Include="$(MSBuildThisFileDirectory)huruBoxCollider2D.cpp">
      <Filter>Component\Collider\2D</Filter>
    </ClCompile>
    <ClCompile Include="$(MSBuildThisFileDirectory)huruDontDestroyOnLoad.cpp">
      <Filter>Scene</Filter>
    </ClCompile>
    <ClCompile Include="$(MSBuildThisFileDirectory)huruTileMapRenderer.cpp">
      <Filter>Component\TileMapRenderer</Filter>
    </ClCompile>
    <ClCompile Include="$(MSBuildThisFileDirectory)huruCollisionManager.cpp">
      <Filter>Collision</Filter>
    </ClCompile>
    <ClCompile Include="$(MSBuildThisFileDirectory)huruAnimation.cpp">
      <Filter>Resource\Animation</Filter>
    </ClCompile>
    <ClCompile Include="$(MSBuildThisFileDirectory)huruObject.cpp">
      <Filter>Object</Filter>
    </ClCompile>
    <ClCompile Include="$(MSBuildThisFileDirectory)huruRigidbody.cpp">
      <Filter>Component\Rigidbody</Filter>
    </ClCompile>
    <ClCompile Include="$(MSBuildThisFileDirectory)huruUIManager.cpp">
      <Filter>UI</Filter>
    </ClCompile>
    <ClCompile Include="$(MSBuildThisFileDirectory)huruUIBase.cpp">
      <Filter>UI</Filter>
    </ClCompile>
    <ClCompile Include="$(MSBuildThisFileDirectory)huruUIHUD.cpp">
      <Filter>UI\HUD</Filter>
    </ClCompile>
    <ClCompile Include="$(MSBuildThisFileDirectory)huruUIButton.cpp">
      <Filter>UI\Button</Filter>
    </ClCompile>
    <ClCompile Include="$(MSBuildThisFileDirectory)huruFmod.cpp">
      <Filter>FMOD</Filter>
    </ClCompile>
    <ClCompile Include="$(MSBuildThisFileDirectory)huruAudioClip.cpp">
      <Filter>Component\Audio</Filter>
    </ClCompile>
    <ClCompile Include="$(MSBuildThisFileDirectory)huruAudioListener.cpp">
      <Filter>Component\Audio</Filter>
    </ClCompile>
    <ClCompile Include="$(MSBuildThisFileDirectory)huruAudioSource.cpp">
      <Filter>Resource\Audio</Filter>
    </ClCompile>
  </ItemGroup>
  <ItemGroup>
    <ClInclude Include="$(MSBuildThisFileDirectory)huruGameObject.h">
      <Filter>GameObject</Filter>
    </ClInclude>
    <ClInclude Include="$(MSBuildThisFileDirectory)huruScene.h">
      <Filter>Scene</Filter>
    </ClInclude>
    <ClInclude Include="$(MSBuildThisFileDirectory)huruSceneManager.h">
      <Filter>Scene</Filter>
    </ClInclude>
    <ClInclude Include="$(MSBuildThisFileDirectory)CommonInclude.h">
      <Filter>Common</Filter>
    </ClInclude>
    <ClInclude Include="$(MSBuildThisFileDirectory)huruEntity.h">
      <Filter>Common</Filter>
    </ClInclude>
    <ClInclude Include="$(MSBuildThisFileDirectory)huruMath.h">
      <Filter>Common</Filter>
    </ClInclude>
    <ClInclude Include="$(MSBuildThisFileDirectory)huruComponent.h">
      <Filter>Component</Filter>
    </ClInclude>
    <ClInclude Include="$(MSBuildThisFileDirectory)huruTime.h">
      <Filter>Helpers</Filter>
    </ClInclude>
    <ClInclude Include="$(MSBuildThisFileDirectory)huruLayer.h">
      <Filter>Layer</Filter>
    </ClInclude>
    <ClInclude Include="$(MSBuildThisFileDirectory)huruEnums.h">
      <Filter>Common</Filter>
    </ClInclude>
    <ClInclude Include="$(MSBuildThisFileDirectory)huruResources.h">
      <Filter>Resource</Filter>
    </ClInclude>
    <ClInclude Include="$(MSBuildThisFileDirectory)huruResource.h">
      <Filter>Resource</Filter>
    </ClInclude>
    <ClInclude Include="$(MSBuildThisFileDirectory)huruTexture.h">
      <Filter>Resource\Texture</Filter>
    </ClInclude>
    <ClInclude Include="$(MSBuildThisFileDirectory)huruTransform.h">
      <Filter>Component\Transform</Filter>
    </ClInclude>
    <ClInclude Include="$(MSBuildThisFileDirectory)huruSpriteRenderer.h">
      <Filter>Component\SpriteRenderer</Filter>
    </ClInclude>
    <ClInclude Include="$(MSBuildThisFileDirectory)huruScript.h">
      <Filter>Component\Script</Filter>
    </ClInclude>
    <ClInclude Include="$(MSBuildThisFileDirectory)huruCamera.h">
      <Filter>Component\Camera</Filter>
    </ClInclude>
    <ClInclude Include="$(MSBuildThisFileDirectory)huruRenderer.h">
      <Filter>Renderer</Filter>
    </ClInclude>
    <ClInclude Include="$(MSBuildThisFileDirectory)huruInput.h">
      <Filter>Helpers</Filter>
    </ClInclude>
    <ClInclude Include="$(MSBuildThisFileDirectory)huruApplication.h">
      <Filter>High Level Interface</Filter>
    </ClInclude>
    <ClInclude Include="$(MSBuildThisFileDirectory)huruAnimator.h">
      <Filter>Component\Animator</Filter>
    </ClInclude>
    <ClInclude Include="$(MSBuildThisFileDirectory)huruCollider.h">
      <Filter>Component\Collider</Filter>
    </ClInclude>
    <ClInclude Include="$(MSBuildThisFileDirectory)huruCircleCollider2D.h">
      <Filter>Component\Collider\2D</Filter>
    </ClInclude>
    <ClInclude Include="$(MSBuildThisFileDirectory)huruBoxCollider2D.h">
      <Filter>Component\Collider\2D</Filter>
    </ClInclude>
    <ClInclude Include="$(MSBuildThisFileDirectory)huruDontDestroyOnLoad.h">
      <Filter>Scene</Filter>
    </ClInclude>
    <ClInclude Include="$(MSBuildThisFileDirectory)huruTileMapRenderer.h">
      <Filter>Component\TileMapRenderer</Filter>
    </ClInclude>
    <ClInclude Include="$(MSBuildThisFileDirectory)huruCollisionManager.h">
      <Filter>Collision</Filter>
    </ClInclude>
    <ClInclude Include="$(MSBuildThisFileDirectory)huruAnimation.h">
      <Filter>Resource\Animation</Filter>
    </ClInclude>
    <ClInclude Include="$(MSBuildThisFileDirectory)huruObject.h">
      <Filter>Object</Filter>
    </ClInclude>
    <ClInclude Include="$(MSBuildThisFileDirectory)huruRigidbody.h">
      <Filter>Component\Rigidbody</Filter>
    </ClInclude>
    <ClInclude Include="$(MSBuildThisFileDirectory)huruUIManager.h">
      <Filter>UI</Filter>
    </ClInclude>
    <ClInclude Include="$(MSBuildThisFileDirectory)huruUIBase.h">
      <Filter>UI</Filter>
    </ClInclude>
    <ClInclude Include="$(MSBuildThisFileDirectory)huruUIHUD.h">
      <Filter>UI\HUD</Filter>
    </ClInclude>
    <ClInclude Include="$(MSBuildThisFileDirectory)huruUIButton.h">
      <Filter>UI\Button</Filter>
    </ClInclude>
    <ClInclude Include="$(MSBuildThisFileDirectory)huruFmod.h">
      <Filter>FMOD</Filter>
    </ClInclude>
    <ClInclude Include="$(MSBuildThisFileDirectory)huruAudioListener.h">
      <Filter>Component\Audio</Filter>
    </ClInclude>
    <ClInclude Include="$(MSBuildThisFileDirectory)huruAudioClip.h">
      <Filter>Component\Audio</Filter>
    </ClInclude>
    <ClInclude Include="$(MSBuildThisFileDirectory)huruAudioSource.h">
      <Filter>Resource\Audio</Filter>
    </ClInclude>
  </ItemGroup>
  <ItemGroup>
    <Filter Include="GameObject">
      <UniqueIdentifier>{59d8f9db-d0e2-4a8b-a35c-b7cb0f0a6c45}</UniqueIdentifier>
    </Filter>
    <Filter Include="Scene">
      <UniqueIdentifier>{f6c231b1-c90d-4743-9d9e-c9692c747b79}</UniqueIdentifier>
    </Filter>
    <Filter Include="Common">
      <UniqueIdentifier>{6988f118-f18d-4d02-b53d-b4b3a8f5ff14}</UniqueIdentifier>
    </Filter>
    <Filter Include="Component">
      <UniqueIdentifier>{5fc56523-f279-454e-b08d-c3c14a4fe93f}</UniqueIdentifier>
    </Filter>
    <Filter Include="Helpers">
      <UniqueIdentifier>{b12ae75f-53ee-45b5-a9bf-9c86b4074a15}</UniqueIdentifier>
    </Filter>
    <Filter Include="High Level Interface">
      <UniqueIdentifier>{739a3a17-349d-49aa-8d09-66323c0eb30c}</UniqueIdentifier>
    </Filter>
    <Filter Include="Layer">
      <UniqueIdentifier>{dfedf40e-afad-4851-9d43-1378cdc2f026}</UniqueIdentifier>
    </Filter>
    <Filter Include="Resource">
      <UniqueIdentifier>{1718a6a1-20cb-444f-8470-6867c2f5fd9b}</UniqueIdentifier>
    </Filter>
    <Filter Include="Resource\Texture">
      <UniqueIdentifier>{bc40ab8e-9920-4415-a885-62b4173ae442}</UniqueIdentifier>
    </Filter>
    <Filter Include="Component\Script">
      <UniqueIdentifier>{60dd096e-1ec3-4f7b-a8e1-50c29dec0cda}</UniqueIdentifier>
    </Filter>
    <Filter Include="Component\Transform">
      <UniqueIdentifier>{2a2fda9a-6a34-424b-8e04-26413440fcc4}</UniqueIdentifier>
    </Filter>
    <Filter Include="Component\SpriteRenderer">
      <UniqueIdentifier>{144d72f5-b7d1-4eb5-ad93-b93b1a299406}</UniqueIdentifier>
    </Filter>
    <Filter Include="Component\Camera">
      <UniqueIdentifier>{35f397cd-49d7-4a8b-9a8e-eb37f85843b8}</UniqueIdentifier>
    </Filter>
    <Filter Include="Renderer">
      <UniqueIdentifier>{539f0798-fdf0-4d24-8bbe-15992e479b20}</UniqueIdentifier>
    </Filter>
    <Filter Include="Component\Animator">
      <UniqueIdentifier>{5d652faa-d43a-4d44-8651-96858d191c84}</UniqueIdentifier>
    </Filter>
    <Filter Include="Component\Collider">
      <UniqueIdentifier>{74b035fe-bd14-499d-9c8e-876826b0244a}</UniqueIdentifier>
    </Filter>
    <Filter Include="Component\Collider\2D">
      <UniqueIdentifier>{8b33008f-eb76-41af-8483-5ba9053a5870}</UniqueIdentifier>
    </Filter>
    <Filter Include="Component\TileMapRenderer">
      <UniqueIdentifier>{011edff6-f0ef-44e9-992d-652200d9fded}</UniqueIdentifier>
    </Filter>
    <Filter Include="Collision">
      <UniqueIdentifier>{c9d3d231-f8cd-41ba-8ac2-a898e1f8991f}</UniqueIdentifier>
    </Filter>
    <Filter Include="Resource\Animation">
      <UniqueIdentifier>{b297153a-f72a-454b-8cb4-f15f9871d831}</UniqueIdentifier>
    </Filter>
    <Filter Include="Object">
      <UniqueIdentifier>{4d0210b3-f8b2-4525-a434-db3e688f9bae}</UniqueIdentifier>
    </Filter>
    <Filter Include="Component\Rigidbody">
      <UniqueIdentifier>{830eb4b7-3d37-42ed-b788-701bdfaca5ab}</UniqueIdentifier>
    </Filter>
    <Filter Include="UI">
      <UniqueIdentifier>{3dbbbafd-a943-411b-b66a-1f0c41e17325}</UniqueIdentifier>
    </Filter>
    <Filter Include="UI\Button">
      <UniqueIdentifier>{834eb8a2-362e-4409-b1bf-cab46cc0d6e4}</UniqueIdentifier>
    </Filter>
    <Filter Include="UI\HUD">
      <UniqueIdentifier>{de6959fd-93fd-40ec-806e-a38c4e3bef4a}</UniqueIdentifier>
    </Filter>
    <Filter Include="FMOD">
      <UniqueIdentifier>{c1cfad91-7e55-48a9-b656-8c7a3b7333a4}</UniqueIdentifier>
    </Filter>
    <Filter Include="Component\Audio">
      <UniqueIdentifier>{a3a7679d-780c-4ddb-b45c-1a1ffddfd811}</UniqueIdentifier>
    </Filter>
    <Filter Include="Resource\Audio">
      <UniqueIdentifier>{f6c2721d-1264-470e-b386-74f15b5fef0a}</UniqueIdentifier>
    </Filter>
  </ItemGroup>
</Project>